
Microsoft Visual Studio Solution File, Format Version 12.00
# Visual Studio 14
VisualStudioVersion = 14.0.23107.0
MinimumVisualStudioVersion = 10.0.40219.1
Project("{FAE04EC0-301F-11D3-BF4B-00C04F79EFBC}") = "Polaris.Utility", "Polaris.Utility.csproj", "{971B5A18-F063-494D-BA6B-4C707C99F5BB}"
EndProject
Global
	GlobalSection(SolutionConfigurationPlatforms) = preSolution
		Debug|Any CPU = Debug|Any CPU
		Release|Any CPU = Release|Any CPU
	EndGlobalSection
	GlobalSection(ProjectConfigurationPlatforms) = postSolution
		{971B5A18-F063-494D-BA6B-4C707C99F5BB}.Debug|Any CPU.ActiveCfg = Debug|Any CPU
		{971B5A18-F063-494D-BA6B-4C707C99F5BB}.Debug|Any CPU.Build.0 = Debug|Any CPU
		{971B5A18-F063-494D-BA6B-4C707C99F5BB}.Release|Any CPU.ActiveCfg = Release|Any CPU
		{971B5A18-F063-494D-BA6B-4C707C99F5BB}.Release|Any CPU.Build.0 = Release|Any CPU
	EndGlobalSection
	GlobalSection(SolutionProperties) = preSolution
		HideSolutionNode = FALSE
	EndGlobalSection
EndGlobal
